# This file is automatically @generated by Cargo.
# It is not intended for manual editing.
version = 4

[[package]]
name = "aethercore_runtime"
version = "0.1.0"

[[package]]
name = "astrocli_deployment_nexus"
version = "0.1.0"

[[package]]
name = "astrogrid_nexus"
version = "0.1.0"

[[package]]
name = "celestial_synapse_network_csn"
version = "0.1.0"

[[package]]
name = "chronoforge_simulator"
version = "0.1.0"

[[package]]
name = "cosmic_data_constellation"
version = "0.1.0"

[[package]]
name = "cosmic_flux_regulator"
version = "0.1.0"

[[package]]
name = "cosmic_justice_enforcers"
version = "0.1.0"

[[package]]
name = "cosmic_knowledge_nexus_community"
version = "0.1.0"

[[package]]
name = "cosmic_outreach_lattice"
version = "0.1.0"

[[package]]
name = "creationverse_forge"
version = "0.1.0"

[[package]]
name = "distributed_cosmic_memory"
version = "0.1.0"

[[package]]
name = "ecliptic_concordance"
version = "0.1.0"

[[package]]
name = "ecoholo_badges_carbon_sentinels"
version = "0.1.0"

[[package]]
name = "econova_incentives"
version = "0.1.0"

[[package]]
name = "ecoresilience_strategies"
version = "0.1.0"

[[package]]
name = "eonmirror_interface"
version = "0.1.0"

[[package]]
name = "etherweb_matrix"
version = "0.1.0"

[[package]]
name = "evolutionverse_crucible"
version = "0.1.0"

[[package]]
name = "gaiapulse_engine"
version = "0.1.0"

[[package]]
name = "governancesafe_mechanisms"
version = "0.1.0"

[[package]]
name = "graviton_edge"
version = "0.1.0"

[[package]]
name = "impactnova_catalyst"
version = "0.1.0"

[[package]]
name = "interrealm_nexus_bridges"
version = "0.1.0"

[[package]]
name = "interstellar_expansion_vectors"
version = "0.1.0"

[[package]]
name = "nebula_pulse_swarm"
version = "0.1.0"

[[package]]
name = "nebulacode_forge_sdk"
version = "0.1.0"

[[package]]
name = "nebulakey_shards_mpc"
version = "0.1.0"

[[package]]
name = "nebulashield_defenses"
version = "0.1.0"

[[package]]
name = "neurosync_continuum"
version = "0.1.0"

[[package]]
name = "neurosync_sanctum_privacy"
version = "0.1.0"

[[package]]
name = "nexus_cosmic_introspection_nci"
version = "0.1.0"

[[package]]
name = "novacarbon_markets"
version = "0.1.0"

[[package]]
name = "novalore_academy"
version = "0.1.0"

[[package]]
name = "novavault_flux_finance"
version = "0.1.0"

[[package]]
name = "omnimind_balancer_ux"
version = "0.1.0"

[[package]]
name = "omnitrace_continuum"
version = "0.1.0"

[[package]]
name = "ontological_codex"
version = "0.1.0"

[[package]]
name = "oraclesync_futarchy"
version = "0.1.0"

[[package]]
name = "primeaxiom_vault"
version = "0.1.0"

[[package]]
name = "semantic_synapse_interfaces"
version = "0.1.0"

[[package]]
name = "soulstar_matrix_identity"
version = "0.1.0"

[[package]]
name = "starforge_grants"
version = "0.1.0"

[[package]]
name = "starsenate_collectives_governance"
version = "0.1.0"

[[package]]
name = "stellar_compression_arrays"
version = "0.1.0"

[[package]]
name = "stellarrisk_balancer_economic"
version = "0.1.0"

[[package]]
name = "symbiotic_trust_lattice_stl"
version = "0.1.0"

[[package]]
name = "titanforge_grid"
version = "0.1.0"

[[package]]
name = "truthforge_collective"
version = "0.1.0"

[[package]]
name = "universal_flux_share"
version = "0.1.0"

[[package]]
name = "verifiable_obligation_nexus_von"
version = "0.1.0"

[[package]]
name = "veritasbeacon_network"
version = "0.1.0"

[[package]]
name = "vitacore_sanctuary"
version = "0.1.0"

[[package]]
name = "voidfootprint_design"
version = "0.1.0"

[[package]]
name = "voidinclusion_initiatives"
version = "0.1.0"

[[package]]
name = "voidproof_engine_zkp"
version = "0.1.0"

[[package]]
name = "voidstar_navigator"
version = "0.1.0"
